
Microsoft Visual Studio Solution File, Format Version 12.00
# Visual Studio 14
VisualStudioVersion = 14.0.25420.1
MinimumVisualStudioVersion = 10.0.40219.1
Project("{2150E333-8FDC-42A3-9474-1A3956D46DE8}") = "src", "src", "{F04FF3C9-B942-4F28-8764-F99086C6EDEB}"
EndProject
Project("{2150E333-8FDC-42A3-9474-1A3956D46DE8}") = "Solution Items", "Solution Items", "{5B37B9AE-9447-4BF0-A6DA-D7046E74A6E1}"
	ProjectSection(SolutionItems) = preProject
		global.json = global.json
	EndProjectSection
EndProject
Project("{8BB2217D-0F2D-49D1-97BC-3654ED321F3B}") = "Verify", "src\Verify\Verify.xproj", "{07EE7560-9AE6-475F-A14D-E62FD686DBF4}"
EndProject
Project("{8BB2217D-0F2D-49D1-97BC-3654ED321F3B}") = "VerifyThatUnitTest", "src\VerifyThatUnitTest\VerifyThatUnitTest.xproj", "{2DA59011-B611-4F74-B887-7830AEACEC37}"
EndProject
Global
	GlobalSection(SolutionConfigurationPlatforms) = preSolution
		Debug|Any CPU = Debug|Any CPU
		Release|Any CPU = Release|Any CPU
	EndGlobalSection
	GlobalSection(ProjectConfigurationPlatforms) = postSolution
		{07EE7560-9AE6-475F-A14D-E62FD686DBF4}.Debug|Any CPU.ActiveCfg = Debug|Any CPU
		{07EE7560-9AE6-475F-A14D-E62FD686DBF4}.Debug|Any CPU.Build.0 = Debug|Any CPU
		{07EE7560-9AE6-475F-A14D-E62FD686DBF4}.Release|Any CPU.ActiveCfg = Release|Any CPU
		{07EE7560-9AE6-475F-A14D-E62FD686DBF4}.Release|Any CPU.Build.0 = Release|Any CPU
		{2DA59011-B611-4F74-B887-7830AEACEC37}.Debug|Any CPU.ActiveCfg = Debug|Any CPU
		{2DA59011-B611-4F74-B887-7830AEACEC37}.Debug|Any CPU.Build.0 = Debug|Any CPU
		{2DA59011-B611-4F74-B887-7830AEACEC37}.Release|Any CPU.ActiveCfg = Release|Any CPU
		{2DA59011-B611-4F74-B887-7830AEACEC37}.Release|Any CPU.Build.0 = Release|Any CPU
	EndGlobalSection
	GlobalSection(SolutionProperties) = preSolution
		HideSolutionNode = FALSE
	EndGlobalSection
	GlobalSection(NestedProjects) = preSolution
		{07EE7560-9AE6-475F-A14D-E62FD686DBF4} = {F04FF3C9-B942-4F28-8764-F99086C6EDEB}
		{2DA59011-B611-4F74-B887-7830AEACEC37} = {F04FF3C9-B942-4F28-8764-F99086C6EDEB}
	EndGlobalSection
EndGlobal
